{
  "projects": [
    {
      "projectId": "84wxoth5npGrp6RRXPL88z",
      "version": "4.30.0",
      "dependencies": {},
      "lang": "ts",
      "fileLocks": [
        {
          "assetId": "84wxoth5npGrp6RRXPL88z",
          "type": "projectCss",
          "checksum": "aedf7b9afd779b089be209519ad30e96"
        },
        {
          "assetId": "84wxoth5npGrp6RRXPL88z",
          "checksum": "a6922f1d9c72c47827138a4ab01b1554",
          "type": "globalContexts"
        }
      ],
      "codegenVersion": "0.0.1"
    },
    {
      "projectId": "sqPBLwEBBKHA2WDuGb17eV",
      "version": "2.4.0",
      "dependencies": {},
      "lang": "ts",
      "fileLocks": [
        {
          "assetId": "sqPBLwEBBKHA2WDuGb17eV",
          "type": "projectCss",
          "checksum": "1c02168c6b23256606111fdfdbb63549"
        },
        {
          "type": "renderModule",
          "assetId": "5nirPCGmCnRD",
          "checksum": "16669c304fcb76b37efcebabf10b4302"
        },
        {
          "type": "cssRules",
          "assetId": "5nirPCGmCnRD",
          "checksum": "16669c304fcb76b37efcebabf10b4302"
        },
        {
          "type": "icon",
          "assetId": "Wyt3GMMsLefj",
          "checksum": "deaf3f5a9deac5496bb1f95e8d12632e"
        },
        {
          "type": "icon",
          "assetId": "MbDRsJU0e3bw",
          "checksum": "9d51d53684707877b3fd221333160d5b"
        }
      ],
      "codegenVersion": "0.0.1"
    },
    {
      "projectId": "kpio2pzukKRJkKg6SSrKTe",
      "version": "0.2.0",
      "dependencies": {},
      "lang": "ts",
      "fileLocks": [
        {
          "assetId": "kpio2pzukKRJkKg6SSrKTe",
          "type": "projectCss",
          "checksum": "1c02168c6b23256606111fdfdbb63549"
        }
      ],
      "codegenVersion": "0.0.1"
    },
    {
      "projectId": "77tPPMY1MAED1Fqwv1T1ig",
      "version": "0.4.0",
      "dependencies": {},
      "lang": "ts",
      "fileLocks": [
        {
          "assetId": "77tPPMY1MAED1Fqwv1T1ig",
          "type": "projectCss",
          "checksum": "1c02168c6b23256606111fdfdbb63549"
        }
      ],
      "codegenVersion": "0.0.1"
    },
    {
      "projectId": "szjgMQpPpxhmkjnaBvZQJG",
      "version": "2.28.0",
      "dependencies": {},
      "lang": "ts",
      "fileLocks": [
        {
          "assetId": "szjgMQpPpxhmkjnaBvZQJG",
          "type": "projectCss",
          "checksum": "72ff85f8dbd01d559ad13ce12accad86"
        }
      ],
      "codegenVersion": "0.0.1"
    },
    {
      "projectId": "2vr9hQFY2mN9rEqhWxcPmu",
      "version": "1.30.0",
      "dependencies": {},
      "lang": "ts",
      "fileLocks": [
        {
          "assetId": "2vr9hQFY2mN9rEqhWxcPmu",
          "type": "projectCss",
          "checksum": "768390d97b78ec72b83f9a2e383ddead"
        },
        {
          "assetId": "2vr9hQFY2mN9rEqhWxcPmu",
          "checksum": "a772bb749c62af32fe417e0c2fb134e6",
          "type": "globalContexts"
        }
      ],
      "codegenVersion": "0.0.1"
    },
    {
      "projectId": "hsyJcmBceSfPzvvXzVTuk7",
      "version": "0.2.0",
      "dependencies": {},
      "lang": "ts",
      "fileLocks": [
        {
          "assetId": "hsyJcmBceSfPzvvXzVTuk7",
          "type": "projectCss",
          "checksum": "1c02168c6b23256606111fdfdbb63549"
        }
      ],
      "codegenVersion": "0.0.1"
    },
    {
      "projectId": "95cydKu4zdmeK3V4rXXSKZ",
      "version": "0.4.0",
      "dependencies": {},
      "lang": "ts",
      "fileLocks": [
        {
          "assetId": "95cydKu4zdmeK3V4rXXSKZ",
          "type": "projectCss",
          "checksum": "1c02168c6b23256606111fdfdbb63549"
        }
      ],
      "codegenVersion": "0.0.1"
    },
    {
      "projectId": "a3pmZtcpA5asHkNtN3SGoF",
      "version": "0.4.0",
      "dependencies": {},
      "lang": "ts",
      "fileLocks": [
        {
          "assetId": "a3pmZtcpA5asHkNtN3SGoF",
          "type": "projectCss",
          "checksum": "1c02168c6b23256606111fdfdbb63549"
        }
      ],
      "codegenVersion": "0.0.1"
    },
    {
      "projectId": "7nJ7UcFmq9UzB6eXfC5z4a",
      "version": "0.31.0",
      "dependencies": {},
      "lang": "ts",
      "fileLocks": [
        {
          "assetId": "7nJ7UcFmq9UzB6eXfC5z4a",
          "type": "projectCss",
          "checksum": "01e8cee5b9ce00fbc93f494c2a40dbf1"
        }
      ],
      "codegenVersion": "0.0.1"
    },
    {
      "projectId": "caTPwKxj5ZrD9LQ7DMdK4Z",
      "version": "3.40.0",
      "dependencies": {},
      "lang": "ts",
      "fileLocks": [
        {
          "assetId": "caTPwKxj5ZrD9LQ7DMdK4Z",
          "type": "projectCss",
          "checksum": "1c02168c6b23256606111fdfdbb63549"
        }
      ],
      "codegenVersion": "0.0.1"
    },
    {
      "projectId": "YUiM7yqBWAqsh8KSnrdj7",
      "version": "0.33.0",
      "dependencies": {},
      "lang": "ts",
      "fileLocks": [
        {
          "assetId": "YUiM7yqBWAqsh8KSnrdj7",
          "type": "projectCss",
          "checksum": "21b499a9da4edbc2266c72c2ba127787"
        }
      ],
      "codegenVersion": "0.0.1"
    },
    {
      "projectId": "9Vr5YWkf3w7jj6SsTcCEta",
      "version": "0.13.0",
      "dependencies": {},
      "lang": "ts",
      "fileLocks": [
        {
          "assetId": "9Vr5YWkf3w7jj6SsTcCEta",
          "type": "projectCss",
          "checksum": "1c02168c6b23256606111fdfdbb63549"
        }
      ],
      "codegenVersion": "0.0.1"
    },
    {
      "projectId": "jkU633o1Cz7HrJdwdxhVHk",
      "version": "16.13.0",
      "dependencies": {},
      "lang": "ts",
      "fileLocks": [
        {
          "assetId": "jkU633o1Cz7HrJdwdxhVHk",
          "type": "projectCss",
          "checksum": "cf57d229ecea50678d9d8d3bc0e3dd9b"
        }
      ],
      "codegenVersion": "0.0.1"
    },
    {
      "projectId": "r3ASNrnyvLLLAtDvzUioQ",
      "version": "4.8.0",
      "dependencies": {},
      "lang": "ts",
      "fileLocks": [
        {
          "assetId": "r3ASNrnyvLLLAtDvzUioQ",
          "type": "projectCss",
          "checksum": "1c02168c6b23256606111fdfdbb63549"
        }
      ],
      "codegenVersion": "0.0.1"
    },
    {
      "projectId": "28Ba3BDvRe7EiWdfFNnLB6",
      "version": "2.38.0",
      "dependencies": {},
      "lang": "ts",
      "fileLocks": [
        {
          "assetId": "28Ba3BDvRe7EiWdfFNnLB6",
          "type": "projectCss",
          "checksum": "1c02168c6b23256606111fdfdbb63549"
        }
      ],
      "codegenVersion": "0.0.1"
    },
    {
      "projectId": "ohDidvG9XsCeFumugENU3J",
      "version": "6.29.0",
      "dependencies": {},
      "lang": "ts",
      "fileLocks": [
        {
          "assetId": "ohDidvG9XsCeFumugENU3J",
          "type": "projectCss",
          "checksum": "ba2a60a163fca4f4d510275088a2be53"
        },
        {
          "assetId": "ohDidvG9XsCeFumugENU3J",
          "checksum": "f9cc098ce5640eefe7d9edb8470a210c",
          "type": "globalContexts"
        }
      ],
      "codegenVersion": "0.0.1"
    },
    {
      "projectId": "5dGW8Awro3qq8Hh5MveXLP",
      "version": "1.28.0",
      "dependencies": {},
      "lang": "ts",
      "fileLocks": [
        {
          "assetId": "5dGW8Awro3qq8Hh5MveXLP",
          "type": "projectCss",
          "checksum": "853dbe64f7ebbe0fdaa1ab72cf5b53e6"
        }
      ],
      "codegenVersion": "0.0.1"
    },
    {
      "projectId": "8PtdGodUbexNYgkuyBUcWu",
      "version": "3.27.0",
      "dependencies": {},
      "lang": "ts",
      "fileLocks": [
        {
          "assetId": "8PtdGodUbexNYgkuyBUcWu",
          "type": "projectCss",
          "checksum": "9440f91b1e8169311ba244276a5922c3"
        },
        {
          "assetId": "8PtdGodUbexNYgkuyBUcWu",
          "checksum": "73535dd5df0b6752ddefce5a51e0fa5e",
          "type": "globalContexts"
        }
      ],
      "codegenVersion": "0.0.1"
    },
    {
      "projectId": "58GpZjZCWTaJ8AUhpCwt2K",
      "version": "3.28.0",
      "dependencies": {},
      "lang": "ts",
      "fileLocks": [
        {
          "assetId": "58GpZjZCWTaJ8AUhpCwt2K",
          "type": "projectCss",
          "checksum": "f0469e206244772473ab64f50be898f9"
        }
      ],
      "codegenVersion": "0.0.1"
    },
    {
      "projectId": "enk3K4vZ6pmH6kVCoZJXGn",
      "version": "4.26.0",
      "dependencies": {},
      "lang": "ts",
      "fileLocks": [
        {
          "assetId": "enk3K4vZ6pmH6kVCoZJXGn",
          "type": "projectCss",
          "checksum": "67c68b20701026439269d7beebecfc49"
        }
      ],
      "codegenVersion": "0.0.1"
    },
    {
      "projectId": "rpSUvc8HqqQeYPehLJKGyo",
      "version": "latest",
      "dependencies": {
        "enk3K4vZ6pmH6kVCoZJXGn": "4.26.0",
        "58GpZjZCWTaJ8AUhpCwt2K": "3.28.0",
        "8PtdGodUbexNYgkuyBUcWu": "3.27.0",
        "5dGW8Awro3qq8Hh5MveXLP": "1.28.0",
        "ohDidvG9XsCeFumugENU3J": "6.29.0",
        "28Ba3BDvRe7EiWdfFNnLB6": "2.38.0",
        "r3ASNrnyvLLLAtDvzUioQ": "4.8.0",
        "jkU633o1Cz7HrJdwdxhVHk": "16.13.0",
        "9Vr5YWkf3w7jj6SsTcCEta": "0.13.0",
        "YUiM7yqBWAqsh8KSnrdj7": "0.33.0",
        "caTPwKxj5ZrD9LQ7DMdK4Z": "3.40.0",
        "7nJ7UcFmq9UzB6eXfC5z4a": "0.31.0",
        "a3pmZtcpA5asHkNtN3SGoF": "0.4.0",
        "95cydKu4zdmeK3V4rXXSKZ": "0.4.0",
        "hsyJcmBceSfPzvvXzVTuk7": "0.2.0",
        "2vr9hQFY2mN9rEqhWxcPmu": "1.30.0",
        "szjgMQpPpxhmkjnaBvZQJG": "2.28.0",
        "77tPPMY1MAED1Fqwv1T1ig": "0.4.0",
        "kpio2pzukKRJkKg6SSrKTe": "0.2.0",
        "sqPBLwEBBKHA2WDuGb17eV": "2.4.0",
        "84wxoth5npGrp6RRXPL88z": "4.30.0"
      },
      "lang": "ts",
      "fileLocks": [
        {
          "type": "globalVariant",
          "assetId": "hA1mVaLfOP_X",
          "checksum": "d9535892fbf8763d78560ae508a4aa7b"
        },
        {
          "assetId": "rpSUvc8HqqQeYPehLJKGyo",
          "checksum": "838545c68142f19e8eba59d48720cb74",
          "type": "globalContexts"
        },
        {
          "type": "renderModule",
          "assetId": "wK73mKSlpdfF",
          "checksum": "ef1d3a017ba31119a92fac1e4aca53c8"
        },
        {
          "type": "cssRules",
          "assetId": "wK73mKSlpdfF",
          "checksum": "ef1d3a017ba31119a92fac1e4aca53c8"
        },
        {
          "type": "renderModule",
          "assetId": "bUjxyyacyjDo",
          "checksum": "7891da8c0ca6a921b870cc172e7d1c94"
        },
        {
          "type": "cssRules",
          "assetId": "bUjxyyacyjDo",
          "checksum": "7891da8c0ca6a921b870cc172e7d1c94"
        },
        {
          "type": "renderModule",
          "assetId": "xhXF9qNEzzNm",
          "checksum": "f6455ee3054effb132b8b547492bdb47"
        },
        {
          "type": "cssRules",
          "assetId": "xhXF9qNEzzNm",
          "checksum": "f6455ee3054effb132b8b547492bdb47"
        },
        {
          "type": "renderModule",
          "assetId": "S-xeQrVUnObh",
          "checksum": "35efb234946f2374af1ca0d8bd6b33f9"
        },
        {
          "type": "cssRules",
          "assetId": "S-xeQrVUnObh",
          "checksum": "35efb234946f2374af1ca0d8bd6b33f9"
        },
        {
          "type": "renderModule",
          "assetId": "yqZlWocYh-A7",
          "checksum": "a3f720a6efc25775b769a0f2ab023104"
        },
        {
          "type": "cssRules",
          "assetId": "yqZlWocYh-A7",
          "checksum": "a3f720a6efc25775b769a0f2ab023104"
        },
        {
          "type": "renderModule",
          "assetId": "zLEruNHWfm1A",
          "checksum": "dc412eacead2885e5ec4e4e46a4827fc"
        },
        {
          "type": "cssRules",
          "assetId": "zLEruNHWfm1A",
          "checksum": "dc412eacead2885e5ec4e4e46a4827fc"
        },
        {
          "type": "renderModule",
          "assetId": "E2Q3fYpTWWgF",
          "checksum": "463b6b422d4a7896c354ce00f678cfb0"
        },
        {
          "type": "cssRules",
          "assetId": "E2Q3fYpTWWgF",
          "checksum": "463b6b422d4a7896c354ce00f678cfb0"
        },
        {
          "type": "renderModule",
          "assetId": "OXtcbqP4qn4B",
          "checksum": "c726ddbefecefc59fe8db1252948787b"
        },
        {
          "type": "cssRules",
          "assetId": "OXtcbqP4qn4B",
          "checksum": "c726ddbefecefc59fe8db1252948787b"
        },
        {
          "type": "renderModule",
          "assetId": "Z5zd4_dQvuuW",
          "checksum": "164e8bae73c21893f22cdf78b74a331f"
        },
        {
          "type": "cssRules",
          "assetId": "Z5zd4_dQvuuW",
          "checksum": "164e8bae73c21893f22cdf78b74a331f"
        },
        {
          "type": "renderModule",
          "assetId": "bE9M2R4cBYga",
          "checksum": "651e2b2395247501495e35e31d3409cb"
        },
        {
          "type": "cssRules",
          "assetId": "bE9M2R4cBYga",
          "checksum": "651e2b2395247501495e35e31d3409cb"
        },
        {
          "type": "renderModule",
          "assetId": "qTyITqH96yO7",
          "checksum": "1c6d53f8c00eb37ff1b03ee228c3da7e"
        },
        {
          "type": "cssRules",
          "assetId": "qTyITqH96yO7",
          "checksum": "1c6d53f8c00eb37ff1b03ee228c3da7e"
        },
        {
          "type": "renderModule",
          "assetId": "3gtjCoHvk73C",
          "checksum": "29cd84adbd90dff64a8be1716cbbcf78"
        },
        {
          "type": "cssRules",
          "assetId": "3gtjCoHvk73C",
          "checksum": "29cd84adbd90dff64a8be1716cbbcf78"
        },
        {
          "type": "renderModule",
          "assetId": "EBZZZa8XvB9u",
          "checksum": "1b07b9faa6f9919feee1e7491f792f9d"
        },
        {
          "type": "cssRules",
          "assetId": "EBZZZa8XvB9u",
          "checksum": "1b07b9faa6f9919feee1e7491f792f9d"
        },
        {
          "type": "renderModule",
          "assetId": "f9wHHf_Tqns2",
          "checksum": "4d85da59521e53b44cd6b59f8ce4443a"
        },
        {
          "type": "cssRules",
          "assetId": "f9wHHf_Tqns2",
          "checksum": "4d85da59521e53b44cd6b59f8ce4443a"
        },
        {
          "type": "renderModule",
          "assetId": "6aEf5xYeUXV8",
          "checksum": "aeb8d814a4145807d124dc5d63b3c667"
        },
        {
          "type": "cssRules",
          "assetId": "6aEf5xYeUXV8",
          "checksum": "aeb8d814a4145807d124dc5d63b3c667"
        },
        {
          "type": "renderModule",
          "assetId": "pRC55VrHCPaa",
          "checksum": "7b0f56e6ea1bc5d20a68ff47c78813ef"
        },
        {
          "type": "cssRules",
          "assetId": "pRC55VrHCPaa",
          "checksum": "7b0f56e6ea1bc5d20a68ff47c78813ef"
        },
        {
          "type": "renderModule",
          "assetId": "WOo_DrscduD4",
          "checksum": "b7087769dd69ee357d223773e7de323e"
        },
        {
          "type": "cssRules",
          "assetId": "WOo_DrscduD4",
          "checksum": "b7087769dd69ee357d223773e7de323e"
        },
        {
          "type": "renderModule",
          "assetId": "ER7ouwJGwhQ1",
          "checksum": "671dafbc9f4967077aef14f337b15cfd"
        },
        {
          "type": "cssRules",
          "assetId": "ER7ouwJGwhQ1",
          "checksum": "671dafbc9f4967077aef14f337b15cfd"
        },
        {
          "type": "renderModule",
          "assetId": "twFopKdKGk6j",
          "checksum": "2d00f57a4054666906bfa284c37fa6d8"
        },
        {
          "type": "cssRules",
          "assetId": "twFopKdKGk6j",
          "checksum": "2d00f57a4054666906bfa284c37fa6d8"
        },
        {
          "type": "renderModule",
          "assetId": "eYoY6gUOk0ZJ",
          "checksum": "bcf8f5664f1d03bbdf5e1b5bca588458"
        },
        {
          "type": "cssRules",
          "assetId": "eYoY6gUOk0ZJ",
          "checksum": "bcf8f5664f1d03bbdf5e1b5bca588458"
        },
        {
          "type": "renderModule",
          "assetId": "BiWy8ZTZvLL1",
          "checksum": "fe14e02e8576f7760018645527d84b8f"
        },
        {
          "type": "cssRules",
          "assetId": "BiWy8ZTZvLL1",
          "checksum": "fe14e02e8576f7760018645527d84b8f"
        },
        {
          "type": "icon",
          "assetId": "qrGqF99BnyMY",
          "checksum": "a4544f83700c9f8aba800ec6b166fdfe"
        },
        {
          "type": "icon",
          "assetId": "TO-bUjAW_NS8",
          "checksum": "8aea00b545595403a4ea872f97ea117a"
        },
        {
          "type": "icon",
          "assetId": "Go-9nVddTZyS",
          "checksum": "9855f928449eb3b05eb88f25953bcd48"
        },
        {
          "type": "icon",
          "assetId": "v7iefsRDFFri",
          "checksum": "a59233887cb3fe02d590d33901e5b0c9"
        },
        {
          "type": "icon",
          "assetId": "4-aZVVDUZLRE",
          "checksum": "507119f5e67efe98680d7e9f7831fb71"
        },
        {
          "type": "icon",
          "assetId": "xkgEikFJgF2j",
          "checksum": "49d5b521c69cab37a7323c7090ffa2d3"
        },
        {
          "type": "icon",
          "assetId": "wwDNHMESg0nJ",
          "checksum": "7fb9078556a0f510c63a44e274f9b555"
        },
        {
          "type": "icon",
          "assetId": "GNGb3BFZf9f-",
          "checksum": "faade51f3e8c87b4714232e074d7f711"
        },
        {
          "type": "icon",
          "assetId": "e32uixpuZXVG",
          "checksum": "150fa2cd822d7ceb5e3c0a70cc8f1490"
        },
        {
          "type": "icon",
          "assetId": "zF0NONhvEMOp",
          "checksum": "537f30901d066a1b76876c009eaddf40"
        },
        {
          "type": "icon",
          "assetId": "wsqHRjJPEVho",
          "checksum": "f333a2dbfcd6c0c8d4f09a5df1760109"
        },
        {
          "type": "icon",
          "assetId": "e_liJF7aoEF6",
          "checksum": "e79d48a587e4f18aa2180dff7af88a4e"
        },
        {
          "type": "icon",
          "assetId": "gyBaiyxJVo-E",
          "checksum": "c5e67c405400fe9cb55fe2bb2e489c13"
        },
        {
          "type": "icon",
          "assetId": "nnsiTPP44ZTS",
          "checksum": "465b005a3dadb146faaf5b036c01cdd1"
        },
        {
          "type": "icon",
          "assetId": "C-TRLaH1HnH1",
          "checksum": "efb9c01731f80052ceec7573449d7b47"
        },
        {
          "type": "icon",
          "assetId": "0M5pH4mOlcRe",
          "checksum": "9ee49a8c8baa2a00e383732be5ddcaa0"
        },
        {
          "type": "icon",
          "assetId": "uJ1CfZb5StEd",
          "checksum": "a9020211d0d9d20ac2a4cd0e59aa6073"
        },
        {
          "type": "image",
          "assetId": "ZD64xcKGAJks",
          "checksum": "1de4ecdee2ae7564852363a1b18a9c15"
        },
        {
          "type": "image",
          "assetId": "HRs_4BUEF0Ph",
          "checksum": "09c0e08a287336ebb5e413936ae9efd9"
        },
        {
          "type": "image",
          "assetId": "3kulC3f7IxrZ",
          "checksum": "255e8eec40115c3fd3bd10a440003d7d"
        },
        {
          "type": "image",
          "assetId": "flpEqkjD6lQa",
          "checksum": "109b81594d503164c51c6453bc25e013"
        },
        {
          "type": "image",
          "assetId": "l_cxNszGUiVW",
          "checksum": "ef7d6b2261940deff78052edafd7dfd8"
        },
        {
          "type": "image",
          "assetId": "oPCnUW4zt3vJ",
          "checksum": "35463ae695abcbe9f1b6a4bf7ab6e590"
        },
        {
          "type": "image",
          "assetId": "EIcf1-ZMERQs",
          "checksum": "e5947044f91506be9488eda63e130325"
        },
        {
          "type": "image",
          "assetId": "R7OAI0RQdQUk",
          "checksum": "1b326d849ca126fb89c3e67c13ca6a14"
        },
        {
          "type": "image",
          "assetId": "jqmtxKAjqGTM",
          "checksum": "55a730d96a203e474137e810db136dc8"
        },
        {
          "type": "image",
          "assetId": "kzzIgPEUHa57",
          "checksum": "035c68c18de9f8670e53bb33a4c52a48"
        },
        {
          "type": "image",
          "assetId": "O7DczkWDXa9n",
          "checksum": "34caecebf1b4ee9f3291ddfae866e3a4"
        },
        {
          "type": "image",
          "assetId": "RE2xCR9pbpLl",
          "checksum": "adec3716dfa01273fa8b2150cfa77cb8"
        },
        {
          "type": "image",
          "assetId": "rKmFhVOZ_GqU",
          "checksum": "0426e2f8c60d50f7236e756291dc950c"
        },
        {
          "type": "image",
          "assetId": "GZRRMdvQC5YS",
          "checksum": "336a42c3dea5f41c2adc3d3a3ff878df"
        },
        {
          "type": "image",
          "assetId": "tJgiBZJ5os74",
          "checksum": "f5195edc6f04fbe4c8141ba646ae34aa"
        },
        {
          "type": "image",
          "assetId": "vi0uOBkq4YWL",
          "checksum": "a2482d650c7719376b32a2ea5282ce7a"
        },
        {
          "type": "image",
          "assetId": "Ecur8X-f2bxV",
          "checksum": "287f2612309986f17ae17db9a5b12dd6"
        },
        {
          "type": "image",
          "assetId": "ciw9ZeZxSQU1",
          "checksum": "55d9587429c25d01ae3b90136096f718"
        },
        {
          "type": "image",
          "assetId": "XYnJroQcmgT0",
          "checksum": "ede337f3cbb60598e04451077004cd86"
        },
        {
          "assetId": "rpSUvc8HqqQeYPehLJKGyo",
          "type": "projectCss",
          "checksum": "259100fa744560cfca428daf3b1e1209"
        }
      ],
      "codegenVersion": "0.0.1"
    }
  ],
  "cliVersion": "0.1.334"
}
