{
  "projects": [
    {
      "projectId": "84wxoth5npGrp6RRXPL88z",
      "version": "4.35.0",
      "dependencies": {},
      "lang": "ts",
      "fileLocks": [
        {
          "assetId": "84wxoth5npGrp6RRXPL88z",
          "checksum": "8010bda5a77b9d0671d53fbbe8bdc1aa",
          "type": "globalContexts"
        },
        {
          "assetId": "84wxoth5npGrp6RRXPL88z",
          "type": "projectCss",
          "checksum": "f2a1a678bf448486f51370156b4f3b71"
        },
        {
          "assetId": "84wxoth5npGrp6RRXPL88z",
          "checksum": "08122ad9084b02fdb954849c288be16d",
          "type": "projectModule"
        },
        {
          "assetId": "84wxoth5npGrp6RRXPL88z",
          "checksum": "06099f88e0ef8b9f63428eb56dd10f34",
          "type": "styleTokensProvider"
        }
      ],
      "codegenVersion": "0.0.2"
    },
    {
      "projectId": "sqPBLwEBBKHA2WDuGb17eV",
      "version": "2.9.0",
      "dependencies": {},
      "lang": "ts",
      "fileLocks": [
        {
          "type": "renderModule",
          "assetId": "5nirPCGmCnRD",
          "checksum": "0b617c1f5cc629ae5037327d171ee932"
        },
        {
          "type": "cssRules",
          "assetId": "5nirPCGmCnRD",
          "checksum": "0b617c1f5cc629ae5037327d171ee932"
        },
        {
          "type": "icon",
          "assetId": "Wyt3GMMsLefj",
          "checksum": "deaf3f5a9deac5496bb1f95e8d12632e"
        },
        {
          "type": "icon",
          "assetId": "MbDRsJU0e3bw",
          "checksum": "9d51d53684707877b3fd221333160d5b"
        },
        {
          "assetId": "sqPBLwEBBKHA2WDuGb17eV",
          "type": "projectCss",
          "checksum": "fd97b5780f8a68a1561c8818e6d31f40"
        },
        {
          "assetId": "sqPBLwEBBKHA2WDuGb17eV",
          "checksum": "9336f76952c0d97c64ae4e3da40cf418",
          "type": "projectModule"
        },
        {
          "assetId": "sqPBLwEBBKHA2WDuGb17eV",
          "checksum": "0cbeb4d089ec718f3581db4e556b423b",
          "type": "styleTokensProvider"
        }
      ],
      "codegenVersion": "0.0.2"
    },
    {
      "projectId": "kpio2pzukKRJkKg6SSrKTe",
      "version": "0.4.0",
      "dependencies": {},
      "lang": "ts",
      "fileLocks": [
        {
          "assetId": "kpio2pzukKRJkKg6SSrKTe",
          "type": "projectCss",
          "checksum": "fd97b5780f8a68a1561c8818e6d31f40"
        },
        {
          "assetId": "kpio2pzukKRJkKg6SSrKTe",
          "checksum": "1061fa7c3bee6682cd2db8249f96ec62",
          "type": "projectModule"
        },
        {
          "assetId": "kpio2pzukKRJkKg6SSrKTe",
          "checksum": "66e0f9a5297a5714b2e63162e99b51f6",
          "type": "styleTokensProvider"
        }
      ],
      "codegenVersion": "0.0.2"
    },
    {
      "projectId": "77tPPMY1MAED1Fqwv1T1ig",
      "version": "0.6.0",
      "dependencies": {},
      "lang": "ts",
      "fileLocks": [
        {
          "assetId": "77tPPMY1MAED1Fqwv1T1ig",
          "type": "projectCss",
          "checksum": "fd97b5780f8a68a1561c8818e6d31f40"
        },
        {
          "assetId": "77tPPMY1MAED1Fqwv1T1ig",
          "checksum": "a21145ea68376b00bbd551446a6e1f67",
          "type": "projectModule"
        },
        {
          "assetId": "77tPPMY1MAED1Fqwv1T1ig",
          "checksum": "e81d9345356d4a7275ae264f12c7a759",
          "type": "styleTokensProvider"
        }
      ],
      "codegenVersion": "0.0.2"
    },
    {
      "projectId": "szjgMQpPpxhmkjnaBvZQJG",
      "version": "2.33.0",
      "dependencies": {},
      "lang": "ts",
      "fileLocks": [
        {
          "assetId": "szjgMQpPpxhmkjnaBvZQJG",
          "type": "projectCss",
          "checksum": "db14e06871f75daefa3136e8e8a55a47"
        },
        {
          "assetId": "szjgMQpPpxhmkjnaBvZQJG",
          "checksum": "8c655463db5c17bf2906250115e4edd4",
          "type": "projectModule"
        },
        {
          "assetId": "szjgMQpPpxhmkjnaBvZQJG",
          "checksum": "b7c1e194972bc33c414c77bb78f46653",
          "type": "styleTokensProvider"
        }
      ],
      "codegenVersion": "0.0.2"
    },
    {
      "projectId": "2vr9hQFY2mN9rEqhWxcPmu",
      "version": "1.35.0",
      "dependencies": {},
      "lang": "ts",
      "fileLocks": [
        {
          "assetId": "2vr9hQFY2mN9rEqhWxcPmu",
          "checksum": "b61f56eb1ac02836049fd437cd7ef29f",
          "type": "globalContexts"
        },
        {
          "assetId": "2vr9hQFY2mN9rEqhWxcPmu",
          "type": "projectCss",
          "checksum": "c599e549e025132ada365fd2283681d8"
        },
        {
          "assetId": "2vr9hQFY2mN9rEqhWxcPmu",
          "checksum": "45c391ec8c372017420000dd8ca1a6a1",
          "type": "projectModule"
        },
        {
          "assetId": "2vr9hQFY2mN9rEqhWxcPmu",
          "checksum": "c4d758fa4d11884fb3b2314d2556a6e4",
          "type": "styleTokensProvider"
        }
      ],
      "codegenVersion": "0.0.2"
    },
    {
      "projectId": "hsyJcmBceSfPzvvXzVTuk7",
      "version": "0.4.0",
      "dependencies": {},
      "lang": "ts",
      "fileLocks": [
        {
          "assetId": "hsyJcmBceSfPzvvXzVTuk7",
          "type": "projectCss",
          "checksum": "fd97b5780f8a68a1561c8818e6d31f40"
        },
        {
          "assetId": "hsyJcmBceSfPzvvXzVTuk7",
          "checksum": "53c881933f222da48743e432c78014fa",
          "type": "projectModule"
        },
        {
          "assetId": "hsyJcmBceSfPzvvXzVTuk7",
          "checksum": "065766f00e6c75902a959c8f1b565acc",
          "type": "styleTokensProvider"
        }
      ],
      "codegenVersion": "0.0.2"
    },
    {
      "projectId": "95cydKu4zdmeK3V4rXXSKZ",
      "version": "0.6.0",
      "dependencies": {},
      "lang": "ts",
      "fileLocks": [
        {
          "assetId": "95cydKu4zdmeK3V4rXXSKZ",
          "type": "projectCss",
          "checksum": "fd97b5780f8a68a1561c8818e6d31f40"
        },
        {
          "assetId": "95cydKu4zdmeK3V4rXXSKZ",
          "checksum": "562b4e0b8a10a24ece42dd221f93fe12",
          "type": "projectModule"
        },
        {
          "assetId": "95cydKu4zdmeK3V4rXXSKZ",
          "checksum": "fe8fe7a67adfb1217668dd3efe3624b0",
          "type": "styleTokensProvider"
        }
      ],
      "codegenVersion": "0.0.2"
    },
    {
      "projectId": "a3pmZtcpA5asHkNtN3SGoF",
      "version": "0.6.0",
      "dependencies": {},
      "lang": "ts",
      "fileLocks": [
        {
          "assetId": "a3pmZtcpA5asHkNtN3SGoF",
          "type": "projectCss",
          "checksum": "fd97b5780f8a68a1561c8818e6d31f40"
        },
        {
          "assetId": "a3pmZtcpA5asHkNtN3SGoF",
          "checksum": "3f891c06dbb21544b748157de7182f57",
          "type": "projectModule"
        },
        {
          "assetId": "a3pmZtcpA5asHkNtN3SGoF",
          "checksum": "91dc42d463967f2d2f5f5c0e73d95a78",
          "type": "styleTokensProvider"
        }
      ],
      "codegenVersion": "0.0.2"
    },
    {
      "projectId": "7nJ7UcFmq9UzB6eXfC5z4a",
      "version": "0.36.0",
      "dependencies": {},
      "lang": "ts",
      "fileLocks": [
        {
          "assetId": "7nJ7UcFmq9UzB6eXfC5z4a",
          "type": "projectCss",
          "checksum": "094acef1b416945664ed3718a7cd2665"
        },
        {
          "assetId": "7nJ7UcFmq9UzB6eXfC5z4a",
          "checksum": "7163d6064a75eb61d5378e18a09f8af8",
          "type": "projectModule"
        },
        {
          "assetId": "7nJ7UcFmq9UzB6eXfC5z4a",
          "checksum": "4b44efa19ae2bdd8aa4d0e4ecd07daf0",
          "type": "styleTokensProvider"
        }
      ],
      "codegenVersion": "0.0.2"
    },
    {
      "projectId": "caTPwKxj5ZrD9LQ7DMdK4Z",
      "version": "3.45.0",
      "dependencies": {},
      "lang": "ts",
      "fileLocks": [
        {
          "assetId": "caTPwKxj5ZrD9LQ7DMdK4Z",
          "type": "projectCss",
          "checksum": "fd97b5780f8a68a1561c8818e6d31f40"
        },
        {
          "assetId": "caTPwKxj5ZrD9LQ7DMdK4Z",
          "checksum": "efdcd613ac98718578f9c563cd75fd38",
          "type": "projectModule"
        },
        {
          "assetId": "caTPwKxj5ZrD9LQ7DMdK4Z",
          "checksum": "786b5e9825dbcc9f57e650603b1b1624",
          "type": "styleTokensProvider"
        }
      ],
      "codegenVersion": "0.0.2"
    },
    {
      "projectId": "YUiM7yqBWAqsh8KSnrdj7",
      "version": "0.38.0",
      "dependencies": {},
      "lang": "ts",
      "fileLocks": [
        {
          "assetId": "YUiM7yqBWAqsh8KSnrdj7",
          "type": "projectCss",
          "checksum": "864b6fafea973ebd92a689289e1ebdaa"
        },
        {
          "assetId": "YUiM7yqBWAqsh8KSnrdj7",
          "checksum": "7c3f9f2189eb5f1bfd2d5e9568f4495a",
          "type": "projectModule"
        },
        {
          "assetId": "YUiM7yqBWAqsh8KSnrdj7",
          "checksum": "89660d2be6129d9fba618bf8571b0b7c",
          "type": "styleTokensProvider"
        }
      ],
      "codegenVersion": "0.0.2"
    },
    {
      "projectId": "9Vr5YWkf3w7jj6SsTcCEta",
      "version": "0.18.0",
      "dependencies": {},
      "lang": "ts",
      "fileLocks": [
        {
          "assetId": "9Vr5YWkf3w7jj6SsTcCEta",
          "type": "projectCss",
          "checksum": "fd97b5780f8a68a1561c8818e6d31f40"
        },
        {
          "assetId": "9Vr5YWkf3w7jj6SsTcCEta",
          "checksum": "1c6fc7dbbeaaf0545ebb544b449ee822",
          "type": "projectModule"
        },
        {
          "assetId": "9Vr5YWkf3w7jj6SsTcCEta",
          "checksum": "5f0ee27bcc9dde25f0a1e95f3a1f9280",
          "type": "styleTokensProvider"
        }
      ],
      "codegenVersion": "0.0.2"
    },
    {
      "projectId": "jkU633o1Cz7HrJdwdxhVHk",
      "version": "16.18.0",
      "dependencies": {},
      "lang": "ts",
      "fileLocks": [
        {
          "assetId": "jkU633o1Cz7HrJdwdxhVHk",
          "type": "projectCss",
          "checksum": "4250322c58aeb54fc6ad8403fde2b31b"
        },
        {
          "assetId": "jkU633o1Cz7HrJdwdxhVHk",
          "checksum": "320a7a2228b83755d4ac8d326d058d87",
          "type": "projectModule"
        },
        {
          "assetId": "jkU633o1Cz7HrJdwdxhVHk",
          "checksum": "81a28d26cdb269ad6e62d0e61231851d",
          "type": "styleTokensProvider"
        }
      ],
      "codegenVersion": "0.0.2"
    },
    {
      "projectId": "r3ASNrnyvLLLAtDvzUioQ",
      "version": "4.13.0",
      "dependencies": {},
      "lang": "ts",
      "fileLocks": [
        {
          "assetId": "r3ASNrnyvLLLAtDvzUioQ",
          "type": "projectCss",
          "checksum": "fd97b5780f8a68a1561c8818e6d31f40"
        },
        {
          "assetId": "r3ASNrnyvLLLAtDvzUioQ",
          "checksum": "e100b8df3fdcbf40afdd96478006bbf7",
          "type": "projectModule"
        },
        {
          "assetId": "r3ASNrnyvLLLAtDvzUioQ",
          "checksum": "b0181bfa3fa68f3b889da9be7d7df94f",
          "type": "styleTokensProvider"
        }
      ],
      "codegenVersion": "0.0.2"
    },
    {
      "projectId": "28Ba3BDvRe7EiWdfFNnLB6",
      "version": "2.43.0",
      "dependencies": {},
      "lang": "ts",
      "fileLocks": [
        {
          "assetId": "28Ba3BDvRe7EiWdfFNnLB6",
          "type": "projectCss",
          "checksum": "fd97b5780f8a68a1561c8818e6d31f40"
        },
        {
          "assetId": "28Ba3BDvRe7EiWdfFNnLB6",
          "checksum": "eb982c2f5e619845c3ec1a0b06395efa",
          "type": "projectModule"
        },
        {
          "assetId": "28Ba3BDvRe7EiWdfFNnLB6",
          "checksum": "d8856594a0a7862fa4f06299e4ff0cd0",
          "type": "styleTokensProvider"
        }
      ],
      "codegenVersion": "0.0.2"
    },
    {
      "projectId": "ohDidvG9XsCeFumugENU3J",
      "version": "6.34.0",
      "dependencies": {},
      "lang": "ts",
      "fileLocks": [
        {
          "assetId": "ohDidvG9XsCeFumugENU3J",
          "checksum": "f35a7050af9ad27b5adac4d101d88037",
          "type": "globalContexts"
        },
        {
          "assetId": "ohDidvG9XsCeFumugENU3J",
          "type": "projectCss",
          "checksum": "90d914ab6827da8f06873ac8ab81cbfa"
        },
        {
          "assetId": "ohDidvG9XsCeFumugENU3J",
          "checksum": "c425737058d1ac29382a23e54666cb69",
          "type": "projectModule"
        },
        {
          "assetId": "ohDidvG9XsCeFumugENU3J",
          "checksum": "220d8db3ee1a6eca080affb2e5d2e314",
          "type": "styleTokensProvider"
        }
      ],
      "codegenVersion": "0.0.2"
    },
    {
      "projectId": "5dGW8Awro3qq8Hh5MveXLP",
      "version": "1.33.0",
      "dependencies": {},
      "lang": "ts",
      "fileLocks": [
        {
          "assetId": "5dGW8Awro3qq8Hh5MveXLP",
          "type": "projectCss",
          "checksum": "b9414fa94f191c32b1dd06b4ef7b0ad4"
        },
        {
          "assetId": "5dGW8Awro3qq8Hh5MveXLP",
          "checksum": "ff8796b178f40a0c631055f17c8167f4",
          "type": "projectModule"
        },
        {
          "assetId": "5dGW8Awro3qq8Hh5MveXLP",
          "checksum": "f33c42ccf338238b4546222a188a7dcf",
          "type": "styleTokensProvider"
        }
      ],
      "codegenVersion": "0.0.2"
    },
    {
      "projectId": "8PtdGodUbexNYgkuyBUcWu",
      "version": "3.32.0",
      "dependencies": {},
      "lang": "ts",
      "fileLocks": [
        {
          "assetId": "8PtdGodUbexNYgkuyBUcWu",
          "checksum": "c34deae3be4116372b8f09a576ea3a01",
          "type": "globalContexts"
        },
        {
          "assetId": "8PtdGodUbexNYgkuyBUcWu",
          "type": "projectCss",
          "checksum": "088414e6e971a72681288a050fb2f7d7"
        },
        {
          "assetId": "8PtdGodUbexNYgkuyBUcWu",
          "checksum": "23e35f9a7b22b3e265a5e7ef8ec77a00",
          "type": "projectModule"
        },
        {
          "assetId": "8PtdGodUbexNYgkuyBUcWu",
          "checksum": "f4648e6bffbe30fbcd5b6898f2f6f659",
          "type": "styleTokensProvider"
        }
      ],
      "codegenVersion": "0.0.2"
    },
    {
      "projectId": "58GpZjZCWTaJ8AUhpCwt2K",
      "version": "3.33.0",
      "dependencies": {},
      "lang": "ts",
      "fileLocks": [
        {
          "assetId": "58GpZjZCWTaJ8AUhpCwt2K",
          "type": "projectCss",
          "checksum": "b4cfca3020a1c748035158bb466abc3b"
        },
        {
          "assetId": "58GpZjZCWTaJ8AUhpCwt2K",
          "checksum": "ba5a227fa7f7d5c086cc9a3f0cebe732",
          "type": "projectModule"
        },
        {
          "assetId": "58GpZjZCWTaJ8AUhpCwt2K",
          "checksum": "ce805aeb5be9bd988f98833caab3188b",
          "type": "styleTokensProvider"
        }
      ],
      "codegenVersion": "0.0.2"
    },
    {
      "projectId": "enk3K4vZ6pmH6kVCoZJXGn",
      "version": "4.31.0",
      "dependencies": {},
      "lang": "ts",
      "fileLocks": [
        {
          "assetId": "enk3K4vZ6pmH6kVCoZJXGn",
          "type": "projectCss",
          "checksum": "1f4e5cf64d078aa6f6f714a1afc230dc"
        },
        {
          "assetId": "enk3K4vZ6pmH6kVCoZJXGn",
          "checksum": "1eb3a10253c4049b9b92bf2126d61dbb",
          "type": "projectModule"
        },
        {
          "assetId": "enk3K4vZ6pmH6kVCoZJXGn",
          "checksum": "70dac8e885365753b82178ecfdedbe47",
          "type": "styleTokensProvider"
        }
      ],
      "codegenVersion": "0.0.2"
    },
    {
      "projectId": "rpSUvc8HqqQeYPehLJKGyo",
      "version": "latest",
      "dependencies": {
        "enk3K4vZ6pmH6kVCoZJXGn": "4.31.0",
        "58GpZjZCWTaJ8AUhpCwt2K": "3.33.0",
        "8PtdGodUbexNYgkuyBUcWu": "3.32.0",
        "5dGW8Awro3qq8Hh5MveXLP": "1.33.0",
        "ohDidvG9XsCeFumugENU3J": "6.34.0",
        "28Ba3BDvRe7EiWdfFNnLB6": "2.43.0",
        "r3ASNrnyvLLLAtDvzUioQ": "4.13.0",
        "jkU633o1Cz7HrJdwdxhVHk": "16.18.0",
        "9Vr5YWkf3w7jj6SsTcCEta": "0.18.0",
        "YUiM7yqBWAqsh8KSnrdj7": "0.38.0",
        "caTPwKxj5ZrD9LQ7DMdK4Z": "3.45.0",
        "7nJ7UcFmq9UzB6eXfC5z4a": "0.36.0",
        "a3pmZtcpA5asHkNtN3SGoF": "0.6.0",
        "95cydKu4zdmeK3V4rXXSKZ": "0.6.0",
        "hsyJcmBceSfPzvvXzVTuk7": "0.4.0",
        "2vr9hQFY2mN9rEqhWxcPmu": "1.35.0",
        "szjgMQpPpxhmkjnaBvZQJG": "2.33.0",
        "77tPPMY1MAED1Fqwv1T1ig": "0.6.0",
        "kpio2pzukKRJkKg6SSrKTe": "0.4.0",
        "sqPBLwEBBKHA2WDuGb17eV": "2.9.0",
        "84wxoth5npGrp6RRXPL88z": "4.35.0"
      },
      "lang": "ts",
      "fileLocks": [
        {
          "type": "globalVariant",
          "assetId": "hA1mVaLfOP_X",
          "checksum": "99c672f914a53664d16aa0d88ed88efb"
        },
        {
          "assetId": "rpSUvc8HqqQeYPehLJKGyo",
          "checksum": "e74e95c4b5e523bef4c5aa451a2c579c",
          "type": "globalContexts"
        },
        {
          "type": "renderModule",
          "assetId": "bUjxyyacyjDo",
          "checksum": "c050bda4db194bbcc3cbcf19d6c023bc"
        },
        {
          "type": "cssRules",
          "assetId": "bUjxyyacyjDo",
          "checksum": "c050bda4db194bbcc3cbcf19d6c023bc"
        },
        {
          "type": "renderModule",
          "assetId": "S-xeQrVUnObh",
          "checksum": "c76a8374d631a0125001fd0f5c9f86ed"
        },
        {
          "type": "cssRules",
          "assetId": "S-xeQrVUnObh",
          "checksum": "c76a8374d631a0125001fd0f5c9f86ed"
        },
        {
          "type": "renderModule",
          "assetId": "yqZlWocYh-A7",
          "checksum": "5df75435caed9c424dfc43e89f268323"
        },
        {
          "type": "cssRules",
          "assetId": "yqZlWocYh-A7",
          "checksum": "5df75435caed9c424dfc43e89f268323"
        },
        {
          "type": "renderModule",
          "assetId": "zLEruNHWfm1A",
          "checksum": "230a40c8cd33de289fd708a604bf95ca"
        },
        {
          "type": "cssRules",
          "assetId": "zLEruNHWfm1A",
          "checksum": "230a40c8cd33de289fd708a604bf95ca"
        },
        {
          "type": "renderModule",
          "assetId": "E2Q3fYpTWWgF",
          "checksum": "3d98690df241dc0bc0e83e949063955a"
        },
        {
          "type": "cssRules",
          "assetId": "E2Q3fYpTWWgF",
          "checksum": "3d98690df241dc0bc0e83e949063955a"
        },
        {
          "type": "renderModule",
          "assetId": "OXtcbqP4qn4B",
          "checksum": "9244b6d0f2240edbfb0abb831f835e60"
        },
        {
          "type": "cssRules",
          "assetId": "OXtcbqP4qn4B",
          "checksum": "9244b6d0f2240edbfb0abb831f835e60"
        },
        {
          "type": "renderModule",
          "assetId": "Z5zd4_dQvuuW",
          "checksum": "6cf6840f32973df36b6060f599957624"
        },
        {
          "type": "cssRules",
          "assetId": "Z5zd4_dQvuuW",
          "checksum": "6cf6840f32973df36b6060f599957624"
        },
        {
          "type": "renderModule",
          "assetId": "qTyITqH96yO7",
          "checksum": "bde5475da416757add3a53a82a48c000"
        },
        {
          "type": "cssRules",
          "assetId": "qTyITqH96yO7",
          "checksum": "bde5475da416757add3a53a82a48c000"
        },
        {
          "type": "renderModule",
          "assetId": "3gtjCoHvk73C",
          "checksum": "097cc146695240249e5d3bba40d23cb6"
        },
        {
          "type": "cssRules",
          "assetId": "3gtjCoHvk73C",
          "checksum": "097cc146695240249e5d3bba40d23cb6"
        },
        {
          "type": "renderModule",
          "assetId": "EBZZZa8XvB9u",
          "checksum": "cd39ed86e9fb6256f1fe30e16a255711"
        },
        {
          "type": "cssRules",
          "assetId": "EBZZZa8XvB9u",
          "checksum": "cd39ed86e9fb6256f1fe30e16a255711"
        },
        {
          "type": "renderModule",
          "assetId": "f9wHHf_Tqns2",
          "checksum": "068ddc442463d6f199b20a81707c5844"
        },
        {
          "type": "cssRules",
          "assetId": "f9wHHf_Tqns2",
          "checksum": "068ddc442463d6f199b20a81707c5844"
        },
        {
          "type": "renderModule",
          "assetId": "6aEf5xYeUXV8",
          "checksum": "db2ccf3960677399883990bfadaf5880"
        },
        {
          "type": "cssRules",
          "assetId": "6aEf5xYeUXV8",
          "checksum": "db2ccf3960677399883990bfadaf5880"
        },
        {
          "type": "renderModule",
          "assetId": "pRC55VrHCPaa",
          "checksum": "dfa4c47820b8f6d4dd1ca32c1d5b2b17"
        },
        {
          "type": "cssRules",
          "assetId": "pRC55VrHCPaa",
          "checksum": "dfa4c47820b8f6d4dd1ca32c1d5b2b17"
        },
        {
          "type": "renderModule",
          "assetId": "WOo_DrscduD4",
          "checksum": "49203d0fb97d9da0ac5d63c3fcad44ee"
        },
        {
          "type": "cssRules",
          "assetId": "WOo_DrscduD4",
          "checksum": "49203d0fb97d9da0ac5d63c3fcad44ee"
        },
        {
          "type": "renderModule",
          "assetId": "ER7ouwJGwhQ1",
          "checksum": "dc92235018a9705c4ee9d536a7b236c5"
        },
        {
          "type": "cssRules",
          "assetId": "ER7ouwJGwhQ1",
          "checksum": "dc92235018a9705c4ee9d536a7b236c5"
        },
        {
          "type": "renderModule",
          "assetId": "twFopKdKGk6j",
          "checksum": "00070641d75ebc29195f9d7e0eecacfb"
        },
        {
          "type": "cssRules",
          "assetId": "twFopKdKGk6j",
          "checksum": "00070641d75ebc29195f9d7e0eecacfb"
        },
        {
          "type": "renderModule",
          "assetId": "eYoY6gUOk0ZJ",
          "checksum": "b173989f94d455b536d83d2ef5b779c7"
        },
        {
          "type": "cssRules",
          "assetId": "eYoY6gUOk0ZJ",
          "checksum": "b173989f94d455b536d83d2ef5b779c7"
        },
        {
          "type": "renderModule",
          "assetId": "BiWy8ZTZvLL1",
          "checksum": "332281a5afc1edd6e4a5d83cbec1dad8"
        },
        {
          "type": "cssRules",
          "assetId": "BiWy8ZTZvLL1",
          "checksum": "332281a5afc1edd6e4a5d83cbec1dad8"
        },
        {
          "type": "icon",
          "assetId": "qrGqF99BnyMY",
          "checksum": "a4544f83700c9f8aba800ec6b166fdfe"
        },
        {
          "type": "icon",
          "assetId": "TO-bUjAW_NS8",
          "checksum": "8aea00b545595403a4ea872f97ea117a"
        },
        {
          "type": "icon",
          "assetId": "Go-9nVddTZyS",
          "checksum": "9855f928449eb3b05eb88f25953bcd48"
        },
        {
          "type": "icon",
          "assetId": "v7iefsRDFFri",
          "checksum": "a59233887cb3fe02d590d33901e5b0c9"
        },
        {
          "type": "icon",
          "assetId": "4-aZVVDUZLRE",
          "checksum": "507119f5e67efe98680d7e9f7831fb71"
        },
        {
          "type": "icon",
          "assetId": "xkgEikFJgF2j",
          "checksum": "49d5b521c69cab37a7323c7090ffa2d3"
        },
        {
          "type": "icon",
          "assetId": "wwDNHMESg0nJ",
          "checksum": "7fb9078556a0f510c63a44e274f9b555"
        },
        {
          "type": "icon",
          "assetId": "GNGb3BFZf9f-",
          "checksum": "faade51f3e8c87b4714232e074d7f711"
        },
        {
          "type": "icon",
          "assetId": "e32uixpuZXVG",
          "checksum": "150fa2cd822d7ceb5e3c0a70cc8f1490"
        },
        {
          "type": "icon",
          "assetId": "zF0NONhvEMOp",
          "checksum": "537f30901d066a1b76876c009eaddf40"
        },
        {
          "type": "icon",
          "assetId": "wsqHRjJPEVho",
          "checksum": "f333a2dbfcd6c0c8d4f09a5df1760109"
        },
        {
          "type": "icon",
          "assetId": "e_liJF7aoEF6",
          "checksum": "e79d48a587e4f18aa2180dff7af88a4e"
        },
        {
          "type": "icon",
          "assetId": "gyBaiyxJVo-E",
          "checksum": "c5e67c405400fe9cb55fe2bb2e489c13"
        },
        {
          "type": "icon",
          "assetId": "nnsiTPP44ZTS",
          "checksum": "465b005a3dadb146faaf5b036c01cdd1"
        },
        {
          "type": "icon",
          "assetId": "C-TRLaH1HnH1",
          "checksum": "efb9c01731f80052ceec7573449d7b47"
        },
        {
          "type": "icon",
          "assetId": "0M5pH4mOlcRe",
          "checksum": "9ee49a8c8baa2a00e383732be5ddcaa0"
        },
        {
          "type": "icon",
          "assetId": "uJ1CfZb5StEd",
          "checksum": "a9020211d0d9d20ac2a4cd0e59aa6073"
        },
        {
          "type": "image",
          "assetId": "ZD64xcKGAJks",
          "checksum": "1de4ecdee2ae7564852363a1b18a9c15"
        },
        {
          "type": "image",
          "assetId": "HRs_4BUEF0Ph",
          "checksum": "09c0e08a287336ebb5e413936ae9efd9"
        },
        {
          "type": "image",
          "assetId": "3kulC3f7IxrZ",
          "checksum": "255e8eec40115c3fd3bd10a440003d7d"
        },
        {
          "type": "image",
          "assetId": "flpEqkjD6lQa",
          "checksum": "109b81594d503164c51c6453bc25e013"
        },
        {
          "type": "image",
          "assetId": "l_cxNszGUiVW",
          "checksum": "ef7d6b2261940deff78052edafd7dfd8"
        },
        {
          "type": "image",
          "assetId": "oPCnUW4zt3vJ",
          "checksum": "35463ae695abcbe9f1b6a4bf7ab6e590"
        },
        {
          "type": "image",
          "assetId": "EIcf1-ZMERQs",
          "checksum": "e5947044f91506be9488eda63e130325"
        },
        {
          "type": "image",
          "assetId": "R7OAI0RQdQUk",
          "checksum": "1b326d849ca126fb89c3e67c13ca6a14"
        },
        {
          "type": "image",
          "assetId": "jqmtxKAjqGTM",
          "checksum": "55a730d96a203e474137e810db136dc8"
        },
        {
          "type": "image",
          "assetId": "kzzIgPEUHa57",
          "checksum": "035c68c18de9f8670e53bb33a4c52a48"
        },
        {
          "type": "image",
          "assetId": "O7DczkWDXa9n",
          "checksum": "34caecebf1b4ee9f3291ddfae866e3a4"
        },
        {
          "type": "image",
          "assetId": "RE2xCR9pbpLl",
          "checksum": "adec3716dfa01273fa8b2150cfa77cb8"
        },
        {
          "type": "image",
          "assetId": "rKmFhVOZ_GqU",
          "checksum": "0426e2f8c60d50f7236e756291dc950c"
        },
        {
          "type": "image",
          "assetId": "GZRRMdvQC5YS",
          "checksum": "336a42c3dea5f41c2adc3d3a3ff878df"
        },
        {
          "type": "image",
          "assetId": "tJgiBZJ5os74",
          "checksum": "f5195edc6f04fbe4c8141ba646ae34aa"
        },
        {
          "type": "image",
          "assetId": "vi0uOBkq4YWL",
          "checksum": "a2482d650c7719376b32a2ea5282ce7a"
        },
        {
          "type": "image",
          "assetId": "Ecur8X-f2bxV",
          "checksum": "287f2612309986f17ae17db9a5b12dd6"
        },
        {
          "type": "image",
          "assetId": "ciw9ZeZxSQU1",
          "checksum": "55d9587429c25d01ae3b90136096f718"
        },
        {
          "type": "image",
          "assetId": "XYnJroQcmgT0",
          "checksum": "ede337f3cbb60598e04451077004cd86"
        },
        {
          "type": "renderModule",
          "assetId": "hsth_eFgD9oC",
          "checksum": "af211b3b364cff759169f3829d29274c"
        },
        {
          "type": "cssRules",
          "assetId": "hsth_eFgD9oC",
          "checksum": "af211b3b364cff759169f3829d29274c"
        },
        {
          "type": "renderModule",
          "assetId": "pOeLTreHHtp3",
          "checksum": "9077489e8f3336ed8363bd58677708fb"
        },
        {
          "type": "cssRules",
          "assetId": "pOeLTreHHtp3",
          "checksum": "9077489e8f3336ed8363bd58677708fb"
        },
        {
          "assetId": "rpSUvc8HqqQeYPehLJKGyo",
          "checksum": "1c47e5083935a56fa8b7bb8e4eb49799",
          "type": "projectModule"
        },
        {
          "assetId": "rpSUvc8HqqQeYPehLJKGyo",
          "checksum": "75cd19089fc28fcb143f444db9e5c40e",
          "type": "styleTokensProvider"
        },
        {
          "type": "renderModule",
          "assetId": "IIpHC3JIHJ0K",
          "checksum": "475ed86d62dae024d999498428ebcac1"
        },
        {
          "type": "cssRules",
          "assetId": "IIpHC3JIHJ0K",
          "checksum": "475ed86d62dae024d999498428ebcac1"
        },
        {
          "type": "image",
          "assetId": "5ysK0ZB1L0Hp",
          "checksum": "a8b5dd6757def4680f61ec90cc8f2d6e"
        },
        {
          "type": "image",
          "assetId": "BnaOpXDZBlS1",
          "checksum": "11bfe9c6ef5235739d7889a6858ff83a"
        },
        {
          "type": "image",
          "assetId": "2lJqgX8gXYRt",
          "checksum": "1b04734a4faa972265c22ac4696e27c1"
        },
        {
          "type": "image",
          "assetId": "0-W1S4TcZdW0",
          "checksum": "a9992cdc92f29fb95d549e697117b274"
        },
        {
          "type": "image",
          "assetId": "S9yxfBQfdT-g",
          "checksum": "a94fdde9f65925fe888d41953cfd866e"
        },
        {
          "type": "image",
          "assetId": "zvqfrCcaLeLA",
          "checksum": "a3ec718f88872bc8d51b507d725d63f9"
        },
        {
          "type": "icon",
          "assetId": "l1fjJb4ZZVRD",
          "checksum": "141aa6b39931edefd9b2bfd732c23b9f"
        },
        {
          "type": "icon",
          "assetId": "Zat-p-u4QdVI",
          "checksum": "fcc47b6c2575a94aebcc86fffe8693f3"
        },
        {
          "type": "icon",
          "assetId": "CTPeqsI19eQF",
          "checksum": "f7896c0406dc3959c0278cf5c276b756"
        },
        {
          "type": "image",
          "assetId": "aljUTBFtPOOi",
          "checksum": "d8810cdd73c49f5bfc6287cb0b5dbf48"
        },
        {
          "type": "image",
          "assetId": "w62L75frbx37",
          "checksum": "8817c007881643fc4ec7433d9f3ceb0f"
        },
        {
          "type": "image",
          "assetId": "FPwPsI5z0J7f",
          "checksum": "3ddd3a5afb92fd01cf629fd35c3d24e1"
        },
        {
          "type": "image",
          "assetId": "fT5gL0nuIcPc",
          "checksum": "78fb61139c03470d9196557072052a3f"
        },
        {
          "type": "image",
          "assetId": "mQkPgU7jASsD",
          "checksum": "d0f08ef73f1a5e338762e37d10d3dff0"
        },
        {
          "type": "image",
          "assetId": "fuqsbi0xu1g9",
          "checksum": "085ef2b168134ae049476d50cf1ac494"
        },
        {
          "type": "image",
          "assetId": "z1xUlJQEsn9A",
          "checksum": "cb93ba2bea14b0d737d821527f04e3a8"
        },
        {
          "type": "image",
          "assetId": "q7DsRAi90apZ",
          "checksum": "b31489ec81309ece4f4804d741a82319"
        },
        {
          "type": "image",
          "assetId": "y6nlYa_hQkfm",
          "checksum": "61645a75e8d8ceabb13de7765d7e9db0"
        },
        {
          "type": "image",
          "assetId": "njPAtG6_CXfP",
          "checksum": "986eb77b3f694cb6054a39c48e998cc4"
        },
        {
          "type": "image",
          "assetId": "mMu6zSodULR4",
          "checksum": "931fd3f4d10f1ff9d109cb99ad4f9c60"
        },
        {
          "type": "icon",
          "assetId": "VKNNURFqmiZf",
          "checksum": "fd4e53bece6b6e2be1bd5202e7a363f5"
        },
        {
          "type": "icon",
          "assetId": "WMtPLXbONu__",
          "checksum": "bbf2f2328ad355e60bbc162c6a48986e"
        },
        {
          "type": "icon",
          "assetId": "pqzC4SyaAjkh",
          "checksum": "4f3518150ed37ac9b3cc3e559fd7720b"
        },
        {
          "type": "icon",
          "assetId": "8IeaExDrxVer",
          "checksum": "f74df864a33f650ef071599e74886655"
        },
        {
          "type": "image",
          "assetId": "AOlp6EaNxc9f",
          "checksum": "575081a0147f0b0eb2e7a084a44a5452"
        },
        {
          "type": "image",
          "assetId": "VtNuXRJS5bNN",
          "checksum": "3d25bee5b5f884cc4a53d63712003d6f"
        },
        {
          "type": "image",
          "assetId": "5JSfBk_dVPa2",
          "checksum": "2f3cadc4484bb992b8afe9e21900fb7b"
        },
        {
          "type": "image",
          "assetId": "zgOD65Fz0aCQ",
          "checksum": "8687b6a8733ad7e53406cdbdbd1dd0c8"
        },
        {
          "type": "renderModule",
          "assetId": "X6ANf6o1yVjo",
          "checksum": "3073a9cfac2fb2b35acac1bbffb59979"
        },
        {
          "type": "cssRules",
          "assetId": "X6ANf6o1yVjo",
          "checksum": "3073a9cfac2fb2b35acac1bbffb59979"
        },
        {
          "type": "renderModule",
          "assetId": "puYfivG4HZSi",
          "checksum": "6bcc94a62382ac54e49feb746592a31b"
        },
        {
          "type": "cssRules",
          "assetId": "puYfivG4HZSi",
          "checksum": "6bcc94a62382ac54e49feb746592a31b"
        },
        {
          "type": "renderModule",
          "assetId": "xOHZqS4c_eHA",
          "checksum": "80eb0d222ddfbcaa83e68cee57c105a4"
        },
        {
          "type": "cssRules",
          "assetId": "xOHZqS4c_eHA",
          "checksum": "80eb0d222ddfbcaa83e68cee57c105a4"
        },
        {
          "type": "renderModule",
          "assetId": "ogjEitMqVyVl",
          "checksum": "92f909348bd0d5fe2303ba1ed1b82581"
        },
        {
          "type": "cssRules",
          "assetId": "ogjEitMqVyVl",
          "checksum": "92f909348bd0d5fe2303ba1ed1b82581"
        },
        {
          "type": "renderModule",
          "assetId": "tEVJpKmZgCv_",
          "checksum": "371b0f186942b7ee4df5d0d1fa6aa8dc"
        },
        {
          "type": "cssRules",
          "assetId": "tEVJpKmZgCv_",
          "checksum": "371b0f186942b7ee4df5d0d1fa6aa8dc"
        },
        {
          "type": "icon",
          "assetId": "nwNIbP1pgw5e",
          "checksum": "a0f3d28fdb31e2f6a55b70644c82093f"
        },
        {
          "type": "icon",
          "assetId": "JpKDCYUlAYxZ",
          "checksum": "28884d5211c5981eaba07a34e6f8e6de"
        },
        {
          "type": "icon",
          "assetId": "VvBOpt_bRidX",
          "checksum": "2d35848fa147f38edb65bd2c9c2d1359"
        },
        {
          "type": "icon",
          "assetId": "Y4T2p10ZAtB9",
          "checksum": "7b29303d97af2175c7bb9e7a6e2b096f"
        },
        {
          "type": "renderModule",
          "assetId": "r1pblfpIJwD3",
          "checksum": "89c31495362fb7ea3479fb4fcf0773b1"
        },
        {
          "type": "cssRules",
          "assetId": "r1pblfpIJwD3",
          "checksum": "89c31495362fb7ea3479fb4fcf0773b1"
        },
        {
          "type": "renderModule",
          "assetId": "VH17Qyr0baQ-",
          "checksum": "0f2c950243486af8812b644d7172c282"
        },
        {
          "type": "cssRules",
          "assetId": "VH17Qyr0baQ-",
          "checksum": "0f2c950243486af8812b644d7172c282"
        },
        {
          "assetId": "rpSUvc8HqqQeYPehLJKGyo",
          "type": "projectCss",
          "checksum": "fdcaef6d52aa5b170c5a8ce24e17881f"
        }
      ],
      "codegenVersion": "0.0.2"
    }
  ],
  "cliVersion": "0.1.334"
}
